
Microsoft Visual Studio Solution File, Format Version 12.00
# Visual Studio Version 17
VisualStudioVersion = 17.9.34728.123
MinimumVisualStudioVersion = 10.0.40219.1
Project("{FAE04EC0-301F-11D3-BF4B-00C04F79EFBC}") = "BHBE", "BHBE.csproj", "{790D5179-842F-4303-B07B-6E7FF34C7B68}"
EndProject
Global
	GlobalSection(SolutionConfigurationPlatforms) = preSolution
		Debug|Any CPU = Debug|Any CPU
		Release|Any CPU = Release|Any CPU
	EndGlobalSection
	GlobalSection(ProjectConfigurationPlatforms) = postSolution
		{790D5179-842F-4303-B07B-6E7FF34C7B68}.Debug|Any CPU.ActiveCfg = Debug|Any CPU
		{790D5179-842F-4303-B07B-6E7FF34C7B68}.Debug|Any CPU.Build.0 = Debug|Any CPU
		{790D5179-842F-4303-B07B-6E7FF34C7B68}.Release|Any CPU.ActiveCfg = Release|Any CPU
		{790D5179-842F-4303-B07B-6E7FF34C7B68}.Release|Any CPU.Build.0 = Release|Any CPU
	EndGlobalSection
	GlobalSection(SolutionProperties) = preSolution
		HideSolutionNode = FALSE
	EndGlobalSection
	GlobalSection(ExtensibilityGlobals) = postSolution
		SolutionGuid = {E5C16B1A-EC7B-42C4-8C45-19C2E4016C42}
	EndGlobalSection
EndGlobal
